
Microsoft Visual Studio Solution File, Format Version 12.00
# Visual Studio Version 17
VisualStudioVersion = 17.5.002.0
MinimumVisualStudioVersion = 10.0.40219.1
Project("{9A19103F-16F7-4668-BE54-9A1E7A4F7556}") = "HelloCs", "HelloCs.csproj", "{ADACA1A7-B4D7-4CC4-B86B-E1C024AC4CCC}"
EndProject
Project("{FAE04EC0-301F-11D3-BF4B-00C04F79EFBC}") = "TopLevelProgram", "..\TopLevelProgram\TopLevelProgram.csproj", "{49A48321-235F-4765-8905-F0E54C6AE2EB}"
EndProject
Project("{FAE04EC0-301F-11D3-BF4B-00C04F79EFBC}") = "Vosmaya", "..\Vosmaya\Vosmaya.csproj", "{8DE19DD7-617E-46F4-ADB3-2B3652982CEA}"
EndProject
Global
	GlobalSection(SolutionConfigurationPlatforms) = preSolution
		Debug|Any CPU = Debug|Any CPU
		Release|Any CPU = Release|Any CPU
	EndGlobalSection
	GlobalSection(ProjectConfigurationPlatforms) = postSolution
		{ADACA1A7-B4D7-4CC4-B86B-E1C024AC4CCC}.Debug|Any CPU.ActiveCfg = Debug|Any CPU
		{ADACA1A7-B4D7-4CC4-B86B-E1C024AC4CCC}.Debug|Any CPU.Build.0 = Debug|Any CPU
		{ADACA1A7-B4D7-4CC4-B86B-E1C024AC4CCC}.Release|Any CPU.ActiveCfg = Release|Any CPU
		{ADACA1A7-B4D7-4CC4-B86B-E1C024AC4CCC}.Release|Any CPU.Build.0 = Release|Any CPU
		{49A48321-235F-4765-8905-F0E54C6AE2EB}.Debug|Any CPU.ActiveCfg = Debug|Any CPU
		{49A48321-235F-4765-8905-F0E54C6AE2EB}.Debug|Any CPU.Build.0 = Debug|Any CPU
		{49A48321-235F-4765-8905-F0E54C6AE2EB}.Release|Any CPU.ActiveCfg = Release|Any CPU
		{49A48321-235F-4765-8905-F0E54C6AE2EB}.Release|Any CPU.Build.0 = Release|Any CPU
		{8DE19DD7-617E-46F4-ADB3-2B3652982CEA}.Debug|Any CPU.ActiveCfg = Debug|Any CPU
		{8DE19DD7-617E-46F4-ADB3-2B3652982CEA}.Debug|Any CPU.Build.0 = Debug|Any CPU
		{8DE19DD7-617E-46F4-ADB3-2B3652982CEA}.Release|Any CPU.ActiveCfg = Release|Any CPU
		{8DE19DD7-617E-46F4-ADB3-2B3652982CEA}.Release|Any CPU.Build.0 = Release|Any CPU
	EndGlobalSection
	GlobalSection(SolutionProperties) = preSolution
		HideSolutionNode = FALSE
	EndGlobalSection
	GlobalSection(ExtensibilityGlobals) = postSolution
		SolutionGuid = {24057018-5724-4DA0-A4AB-11D43D234AC8}
	EndGlobalSection
EndGlobal
